
Microsoft Visual Studio Solution File, Format Version 12.00
# Visual Studio Version 16
VisualStudioVersion = 16.0.29503.13
MinimumVisualStudioVersion = 10.0.40219.1
Project("{FAE04EC0-301F-11D3-BF4B-00C04F79EFBC}") = "TextWebService", "TestWebService\TextWebService.csproj", "{4DC31E9E-493E-4A6E-AB88-2A499B7D8115}"
EndProject
Project("{FAE04EC0-301F-11D3-BF4B-00C04F79EFBC}") = "TextWebServiceClient", "TextWebServiceClient\TextWebServiceClient.csproj", "{418682DD-578F-487C-B7D5-2751A8FE163D}"
EndProject
Global
	GlobalSection(SolutionConfigurationPlatforms) = preSolution
		Debug|Any CPU = Debug|Any CPU
		Release|Any CPU = Release|Any CPU
	EndGlobalSection
	GlobalSection(ProjectConfigurationPlatforms) = postSolution
		{4DC31E9E-493E-4A6E-AB88-2A499B7D8115}.Debug|Any CPU.ActiveCfg = Debug|Any CPU
		{4DC31E9E-493E-4A6E-AB88-2A499B7D8115}.Debug|Any CPU.Build.0 = Debug|Any CPU
		{4DC31E9E-493E-4A6E-AB88-2A499B7D8115}.Release|Any CPU.ActiveCfg = Release|Any CPU
		{4DC31E9E-493E-4A6E-AB88-2A499B7D8115}.Release|Any CPU.Build.0 = Release|Any CPU
		{418682DD-578F-487C-B7D5-2751A8FE163D}.Debug|Any CPU.ActiveCfg = Debug|Any CPU
		{418682DD-578F-487C-B7D5-2751A8FE163D}.Debug|Any CPU.Build.0 = Debug|Any CPU
		{418682DD-578F-487C-B7D5-2751A8FE163D}.Release|Any CPU.ActiveCfg = Release|Any CPU
		{418682DD-578F-487C-B7D5-2751A8FE163D}.Release|Any CPU.Build.0 = Release|Any CPU
	EndGlobalSection
	GlobalSection(SolutionProperties) = preSolution
		HideSolutionNode = FALSE
	EndGlobalSection
	GlobalSection(ExtensibilityGlobals) = postSolution
		SolutionGuid = {98B10482-DD74-4746-A7AF-B7148F948638}
	EndGlobalSection
EndGlobal
